// !$*UTF8*$!
{
	archiveVersion = 1;
	classes = {
	};
	objectVersion = 46;
	objects = {

/* Begin PBXBuildFile section */
		19FB93111829100B0058A44C /* Foundation.framework in Frameworks */ = {isa = PBXBuildFile; fileRef = 19FB93101829100B0058A44C /* Foundation.framework */; };
		19FB93131829100B0058A44C /* CoreGraphics.framework in Frameworks */ = {isa = PBXBuildFile; fileRef = 19FB93121829100B0058A44C /* CoreGraphics.framework */; };
		19FB93151829100B0058A44C /* UIKit.framework in Frameworks */ = {isa = PBXBuildFile; fileRef = 19FB93141829100B0058A44C /* UIKit.framework */; };
		19FB931B1829100B0058A44C /* InfoPlist.strings in Resources */ = {isa = PBXBuildFile; fileRef = 19FB93191829100B0058A44C /* InfoPlist.strings */; };
		19FB931D1829100B0058A44C /* main.m in Sources */ = {isa = PBXBuildFile; fileRef = 19FB931C1829100B0058A44C /* main.m */; };
		19FB93211829100B0058A44C /* HelloAppDelegate.m in Sources */ = {isa = PBXBuildFile; fileRef = 19FB93201829100B0058A44C /* HelloAppDelegate.m */; };
		19FB93241829100B0058A44C /* Main.storyboard in Resources */ = {isa = PBXBuildFile; fileRef = 19FB93221829100B0058A44C /* Main.storyboard */; };
		19FB93271829100B0058A44C /* HelloViewController.m in Sources */ = {isa = PBXBuildFile; fileRef = 19FB93261829100B0058A44C /* HelloViewController.m */; };
		19FB93291829100B0058A44C /* Images.xcassets in Resources */ = {isa = PBXBuildFile; fileRef = 19FB93281829100B0058A44C /* Images.xcassets */; };
		19FB93301829100B0058A44C /* XCTest.framework in Frameworks */ = {isa = PBXBuildFile; fileRef = 19FB932F1829100B0058A44C /* XCTest.framework */; };
		19FB93311829100B0058A44C /* Foundation.framework in Frameworks */ = {isa = PBXBuildFile; fileRef = 19FB93101829100B0058A44C /* Foundation.framework */; };
		19FB93321829100B0058A44C /* UIKit.framework in Frameworks */ = {isa = PBXBuildFile; fileRef = 19FB93141829100B0058A44C /* UIKit.framework */; };
		19FB933A1829100B0058A44C /* InfoPlist.strings in Resources */ = {isa = PBXBuildFile; fileRef = 19FB93381829100B0058A44C /* InfoPlist.strings */; };
		19FB933C1829100B0058A44C /* helloTests.m in Sources */ = {isa = PBXBuildFile; fileRef = 19FB933B1829100B0058A44C /* helloTests.m */; };
/* End PBXBuildFile section */

/* Begin PBXContainerItemProxy section */
		19FB93331829100B0058A44C /* PBXContainerItemProxy */ = {
			isa = PBXContainerItemProxy;
			containerPortal = 19FB93051829100B0058A44C /* Project object */;
			proxyType = 1;
			remoteGlobalIDString = 19FB930C1829100B0058A44C;
			remoteInfo = hello;
		};
/* End PBXContainerItemProxy section */

/* Begin PBXFileReference section */
		19FB930D1829100B0058A44C /* hello.app */ = {isa = PBXFileReference; explicitFileType = wrapper.application; includeInIndex = 0; path = hello.app; sourceTree = BUILT_PRODUCTS_DIR; };
		19FB93101829100B0058A44C /* Foundation.framework */ = {isa = PBXFileReference; lastKnownFileType = wrapper.framework; name = Foundation.framework; path = System/Library/Frameworks/Foundation.framework; sourceTree = SDKROOT; };
		19FB93121829100B0058A44C /* CoreGraphics.framework */ = {isa = PBXFileReference; lastKnownFileType = wrapper.framework; name = CoreGraphics.framework; path = System/Library/Frameworks/CoreGraphics.framework; sourceTree = SDKROOT; };
		19FB93141829100B0058A44C /* UIKit.framework */ = {isa = PBXFileReference; lastKnownFileType = wrapper.framework; name = UIKit.framework; path = System/Library/Frameworks/UIKit.framework; sourceTree = SDKROOT; };
		19FB93181829100B0058A44C /* hello-Info.plist */ = {isa = PBXFileReference; lastKnownFileType = text.plist.xml; path = "hello-Info.plist"; sourceTree = "<group>"; };
		19FB931A1829100B0058A44C /* en */ = {isa = PBXFileReference; lastKnownFileType = text.plist.strings; name = en; path = en.lproj/InfoPlist.strings; sourceTree = "<group>"; };
		19FB931C1829100B0058A44C /* main.m */ = {isa = PBXFileReference; lastKnownFileType = sourcecode.c.objc; path = main.m; sourceTree = "<group>"; };
		19FB931E1829100B0058A44C /* hello-Prefix.pch */ = {isa = PBXFileReference; lastKnownFileType = sourcecode.c.h; path = "hello-Prefix.pch"; sourceTree = "<group>"; };
		19FB931F1829100B0058A44C /* HelloAppDelegate.h */ = {isa = PBXFileReference; lastKnownFileType = sourcecode.c.h; path = HelloAppDelegate.h; sourceTree = "<group>"; };
		19FB93201829100B0058A44C /* HelloAppDelegate.m */ = {isa = PBXFileReference; lastKnownFileType = sourcecode.c.objc; path = HelloAppDelegate.m; sourceTree = "<group>"; };
		19FB93231829100B0058A44C /* Base */ = {isa = PBXFileReference; lastKnownFileType = file.storyboard; name = Base; path = Base.lproj/Main.storyboard; sourceTree = "<group>"; };
		19FB93251829100B0058A44C /* HelloViewController.h */ = {isa = PBXFileReference; lastKnownFileType = sourcecode.c.h; path = HelloViewController.h; sourceTree = "<group>"; };
		19FB93261829100B0058A44C /* HelloViewController.m */ = {isa = PBXFileReference; lastKnownFileType = sourcecode.c.objc; path = HelloViewController.m; sourceTree = "<group>"; };
		19FB93281829100B0058A44C /* Images.xcassets */ = {isa = PBXFileReference; lastKnownFileType = folder.assetcatalog; path = Images.xcassets; sourceTree = "<group>"; };
		19FB932E1829100B0058A44C /* helloTests.xctest */ = {isa = PBXFileReference; explicitFileType = wrapper.cfbundle; includeInIndex = 0; path = helloTests.xctest; sourceTree = BUILT_PRODUCTS_DIR; };
		19FB932F1829100B0058A44C /* XCTest.framework */ = {isa = PBXFileReference; lastKnownFileType = wrapper.framework; name = XCTest.framework; path = Library/Frameworks/XCTest.framework; sourceTree = DEVELOPER_DIR; };
		19FB93371829100B0058A44C /* helloTests-Info.plist */ = {isa = PBXFileReference; lastKnownFileType = text.plist.xml; path = "helloTests-Info.plist"; sourceTree = "<group>"; };
		19FB93391829100B0058A44C /* en */ = {isa = PBXFileReference; lastKnownFileType = text.plist.strings; name = en; path = en.lproj/InfoPlist.strings; sourceTree = "<group>"; };
		19FB933B1829100B0058A44C /* helloTests.m */ = {isa = PBXFileReference; lastKnownFileType = sourcecode.c.objc; path = helloTests.m; sourceTree = "<group>"; };
/* End PBXFileReference section */

/* Begin PBXFrameworksBuildPhase section */
		19FB930A1829100B0058A44C /* Frameworks */ = {
			isa = PBXFrameworksBuildPhase;
			buildActionMask = 2147483647;
			files = (
				19FB93131829100B0058A44C /* CoreGraphics.framework in Frameworks */,
				19FB93151829100B0058A44C /* UIKit.framework in Frameworks */,
				19FB93111829100B0058A44C /* Foundation.framework in Frameworks */,
			);
			runOnlyForDeploymentPostprocessing = 0;
		};
		19FB932B1829100B0058A44C /* Frameworks */ = {
			isa = PBXFrameworksBuildPhase;
			buildActionMask = 2147483647;
			files = (
				19FB93301829100B0058A44C /* XCTest.framework in Frameworks */,
				19FB93321829100B0058A44C /* UIKit.framework in Frameworks */,
				19FB93311829100B0058A44C /* Foundation.framework in Frameworks */,
			);
			runOnlyForDeploymentPostprocessing = 0;
		};
/* End PBXFrameworksBuildPhase section */

/* Begin PBXGroup section */
		19FB93041829100B0058A44C = {
			isa = PBXGroup;
			children = (
				19FB93161829100B0058A44C /* hello */,
				19FB93351829100B0058A44C /* helloTests */,
				19FB930F1829100B0058A44C /* Frameworks */,
				19FB930E1829100B0058A44C /* Products */,
			);
			sourceTree = "<group>";
		};
		19FB930E1829100B0058A44C /* Products */ = {
			isa = PBXGroup;
			children = (
				19FB930D1829100B0058A44C /* hello.app */,
				19FB932E1829100B0058A44C /* helloTests.xctest */,
			);
			name = Products;
			sourceTree = "<group>";
		};
		19FB930F1829100B0058A44C /* Frameworks */ = {
			isa = PBXGroup;
			children = (
				19FB93101829100B0058A44C /* Foundation.framework */,
				19FB93121829100B0058A44C /* CoreGraphics.framework */,
				19FB93141829100B0058A44C /* UIKit.framework */,
				19FB932F1829100B0058A44C /* XCTest.framework */,
			);
			name = Frameworks;
			sourceTree = "<group>";
		};
		19FB93161829100B0058A44C /* hello */ = {
			isa = PBXGroup;
			children = (
				19FB931F1829100B0058A44C /* HelloAppDelegate.h */,
				19FB93201829100B0058A44C /* HelloAppDelegate.m */,
				19FB93221829100B0058A44C /* Main.storyboard */,
				19FB93251829100B0058A44C /* HelloViewController.h */,
				19FB93261829100B0058A44C /* HelloViewController.m */,
				19FB93281829100B0058A44C /* Images.xcassets */,
				19FB93171829100B0058A44C /* Supporting Files */,
			);
			path = hello;
			sourceTree = "<group>";
		};
		19FB93171829100B0058A44C /* Supporting Files */ = {
			isa = PBXGroup;
			children = (
				19FB93181829100B0058A44C /* hello-Info.plist */,
				19FB93191829100B0058A44C /* InfoPlist.strings */,
				19FB931C1829100B0058A44C /* main.m */,
				19FB931E1829100B0058A44C /* hello-Prefix.pch */,
			);
			name = "Supporting Files";
			sourceTree = "<group>";
		};
		19FB93351829100B0058A44C /* helloTests */ = {
			isa = PBXGroup;
			children = (
				19FB933B1829100B0058A44C /* helloTests.m */,
				19FB93361829100B0058A44C /* Supporting Files */,
			);
			path = helloTests;
			sourceTree = "<group>";
		};
		19FB93361829100B0058A44C /* Supporting Files */ = {
			isa = PBXGroup;
			children = (
				19FB93371829100B0058A44C /* helloTests-Info.plist */,
				19FB93381829100B0058A44C /* InfoPlist.strings */,
			);
			name = "Supporting Files";
			sourceTree = "<group>";
		};
/* End PBXGroup section */

/* Begin PBXNativeTarget section */
		19FB930C1829100B0058A44C /* hello */ = {
			isa = PBXNativeTarget;
			buildConfigurationList = 19FB933F1829100B0058A44C /* Build configuration list for PBXNativeTarget "hello" */;
			buildPhases = (
				19FB93091829100B0058A44C /* Sources */,
				19FB930A1829100B0058A44C /* Frameworks */,
				19FB930B1829100B0058A44C /* Resources */,
			);
			buildRules = (
			);
			dependencies = (
			);
			name = hello;
			productName = hello;
			productReference = 19FB930D1829100B0058A44C /* hello.app */;
			productType = "com.apple.product-type.application";
		};
		19FB932D1829100B0058A44C /* helloTests */ = {
			isa = PBXNativeTarget;
			buildConfigurationList = 19FB93421829100B0058A44C /* Build configuration list for PBXNativeTarget "helloTests" */;
			buildPhases = (
				19FB932A1829100B0058A44C /* Sources */,
				19FB932B1829100B0058A44C /* Frameworks */,
				19FB932C1829100B0058A44C /* Resources */,
			);
			buildRules = (
			);
			dependencies = (
				19FB93341829100B0058A44C /* PBXTargetDependency */,
			);
			name = helloTests;
			productName = helloTests;
			productReference = 19FB932E1829100B0058A44C /* helloTests.xctest */;
			productType = "com.apple.product-type.bundle.unit-test";
		};
/* End PBXNativeTarget section */

/* Begin PBXProject section */
		19FB93051829100B0058A44C /* Project object */ = {
			isa = PBXProject;
			attributes = {
				CLASSPREFIX = Hello;
				LastUpgradeCheck = 0500;
				ORGANIZATIONNAME = "何潭碧";
				TargetAttributes = {
					19FB932D1829100B0058A44C = {
						TestTargetID = 19FB930C1829100B0058A44C;
					};
				};
			};
			buildConfigurationList = 19FB93081829100B0058A44C /* Build configuration list for PBXProject "hello" */;
			compatibilityVersion = "Xcode 3.2";
			developmentRegion = English;
			hasScannedForEncodings = 0;
			knownRegions = (
				en,
				Base,
			);
			mainGroup = 19FB93041829100B0058A44C;
			productRefGroup = 19FB930E1829100B0058A44C /* Products */;
			projectDirPath = "";
			projectRoot = "";
			targets = (
				19FB930C1829100B0058A44C /* hello */,
				19FB932D1829100B0058A44C /* helloTests */,
			);
		};
/* End PBXProject section */

/* Begin PBXResourcesBuildPhase section */
		19FB930B1829100B0058A44C /* Resources */ = {
			isa = PBXResourcesBuildPhase;
			buildActionMask = 2147483647;
			files = (
				19FB93291829100B0058A44C /* Images.xcassets in Resources */,
				19FB931B1829100B0058A44C /* InfoPlist.strings in Resources */,
				19FB93241829100B0058A44C /* Main.storyboard in Resources */,
			);
			runOnlyForDeploymentPostprocessing = 0;
		};
		19FB932C1829100B0058A44C /* Resources */ = {
			isa = PBXResourcesBuildPhase;
			buildActionMask = 2147483647;
			files = (
				19FB933A1829100B0058A44C /* InfoPlist.strings in Resources */,
			);
			runOnlyForDeploymentPostprocessing = 0;
		};
/* End PBXResourcesBuildPhase section */

/* Begin PBXSourcesBuildPhase section */
		19FB93091829100B0058A44C /* Sources */ = {
			isa = PBXSourcesBuildPhase;
			buildActionMask = 2147483647;
			files = (
				19FB93271829100B0058A44C /* HelloViewController.m in Sources */,
				19FB931D1829100B0058A44C /* main.m in Sources */,
				19FB93211829100B0058A44C /* HelloAppDelegate.m in Sources */,
			);
			runOnlyForDeploymentPostprocessing = 0;
		};
		19FB932A1829100B0058A44C /* Sources */ = {
			isa = PBXSourcesBuildPhase;
			buildActionMask = 2147483647;
			files = (
				19FB933C1829100B0058A44C /* helloTests.m in Sources */,
			);
			runOnlyForDeploymentPostprocessing = 0;
		};
/* End PBXSourcesBuildPhase section */

/* Begin PBXTargetDependency section */
		19FB93341829100B0058A44C /* PBXTargetDependency */ = {
			isa = PBXTargetDependency;
			target = 19FB930C1829100B0058A44C /* hello */;
			targetProxy = 19FB93331829100B0058A44C /* PBXContainerItemProxy */;
		};
/* End PBXTargetDependency section */

/* Begin PBXVariantGroup section */
		19FB93191829100B0058A44C /* InfoPlist.strings */ = {
			isa = PBXVariantGroup;
			children = (
				19FB931A1829100B0058A44C /* en */,
			);
			name = InfoPlist.strings;
			sourceTree = "<group>";
		};
		19FB93221829100B0058A44C /* Main.storyboard */ = {
			isa = PBXVariantGroup;
			children = (
				19FB93231829100B0058A44C /* Base */,
			);
			name = Main.storyboard;
			sourceTree = "<group>";
		};
		19FB93381829100B0058A44C /* InfoPlist.strings */ = {
			isa = PBXVariantGroup;
			children = (
				19FB93391829100B0058A44C /* en */,
			);
			name = InfoPlist.strings;
			sourceTree = "<group>";
		};
/* End PBXVariantGroup section */

/* Begin XCBuildConfiguration section */
		19FB933D1829100B0058A44C /* Debug */ = {
			isa = XCBuildConfiguration;
			buildSettings = {
				ALWAYS_SEARCH_USER_PATHS = NO;
				ARCHS = "$(ARCHS_STANDARD_INCLUDING_64_BIT)";
				CLANG_CXX_LANGUAGE_STANDARD = "gnu++0x";
				CLANG_CXX_LIBRARY = "libc++";
				CLANG_ENABLE_MODULES = YES;
				CLANG_ENABLE_OBJC_ARC = YES;
				CLANG_WARN_BOOL_CONVERSION = YES;
				CLANG_WARN_CONSTANT_CONVERSION = YES;
				CLANG_WARN_DIRECT_OBJC_ISA_USAGE = YES_ERROR;
				CLANG_WARN_EMPTY_BODY = YES;
				CLANG_WARN_ENUM_CONVERSION = YES;
				CLANG_WARN_INT_CONVERSION = YES;
				CLANG_WARN_OBJC_ROOT_CLASS = YES_ERROR;
				CLANG_WARN__DUPLICATE_METHOD_MATCH = YES;
				"CODE_SIGN_IDENTITY[sdk=iphoneos*]" = "iPhone Developer";
				COPY_PHASE_STRIP = NO;
				GCC_C_LANGUAGE_STANDARD = gnu99;
				GCC_DYNAMIC_NO_PIC = NO;
				GCC_OPTIMIZATION_LEVEL = 0;
				GCC_PREPROCESSOR_DEFINITIONS = (
					"DEBUG=1",
					"$(inherited)",
				);
				GCC_SYMBOLS_PRIVATE_EXTERN = NO;
				GCC_WARN_64_TO_32_BIT_CONVERSION = YES;
				GCC_WARN_ABOUT_RETURN_TYPE = YES_ERROR;
				GCC_WARN_UNDECLARED_SELECTOR = YES;
				GCC_WARN_UNINITIALIZED_AUTOS = YES;
				GCC_WARN_UNUSED_FUNCTION = YES;
				GCC_WARN_UNUSED_VARIABLE = YES;
				IPHONEOS_DEPLOYMENT_TARGET = 7.0;
				ONLY_ACTIVE_ARCH = YES;
				SDKROOT = iphoneos;
			};
			name = Debug;
		};
		19FB933E1829100B0058A44C /* Release */ = {
			isa = XCBuildConfiguration;
			buildSettings = {
				ALWAYS_SEARCH_USER_PATHS = NO;
				ARCHS = "$(ARCHS_STANDARD_INCLUDING_64_BIT)";
				CLANG_CXX_LANGUAGE_STANDARD = "gnu++0x";
				CLANG_CXX_LIBRARY = "libc++";
				CLANG_ENABLE_MODULES = YES;
				CLANG_ENABLE_OBJC_ARC = YES;
				CLANG_WARN_BOOL_CONVERSION = YES;
				CLANG_WARN_CONSTANT_CONVERSION = YES;
				CLANG_WARN_DIRECT_OBJC_ISA_USAGE = YES_ERROR;
				CLANG_WARN_EMPTY_BODY = YES;
				CLANG_WARN_ENUM_CONVERSION = YES;
				CLANG_WARN_INT_CONVERSION = YES;
				CLANG_WARN_OBJC_ROOT_CLASS = YES_ERROR;
				CLANG_WARN__DUPLICATE_METHOD_MATCH = YES;
				"CODE_SIGN_IDENTITY[sdk=iphoneos*]" = "iPhone Developer";
				COPY_PHASE_STRIP = YES;
				ENABLE_NS_ASSERTIONS = NO;
				GCC_C_LANGUAGE_STANDARD = gnu99;
				GCC_WARN_64_TO_32_BIT_CONVERSION = YES;
				GCC_WARN_ABOUT_RETURN_TYPE = YES_ERROR;
				GCC_WARN_UNDECLARED_SELECTOR = YES;
				GCC_WARN_UNINITIALIZED_AUTOS = YES;
				GCC_WARN_UNUSED_FUNCTION = YES;
				GCC_WARN_UNUSED_VARIABLE = YES;
				IPHONEOS_DEPLOYMENT_TARGET = 7.0;
				SDKROOT = iphoneos;
				VALIDATE_PRODUCT = YES;
			};
			name = Release;
		};
		19FB93401829100B0058A44C /* Debug */ = {
			isa = XCBuildConfiguration;
			buildSettings = {
				ASSETCATALOG_COMPILER_APPICON_NAME = AppIcon;
				ASSETCATALOG_COMPILER_LAUNCHIMAGE_NAME = LaunchImage;
				GCC_PRECOMPILE_PREFIX_HEADER = YES;
				GCC_PREFIX_HEADER = "hello/hello-Prefix.pch";
				INFOPLIST_FILE = "hello/hello-Info.plist";
				PRODUCT_NAME = "$(TARGET_NAME)";
				WRAPPER_EXTENSION = app;
			};
			name = Debug;
		};
		19FB93411829100B0058A44C /* Release */ = {
			isa = XCBuildConfiguration;
			buildSettings = {
				ASSETCATALOG_COMPILER_APPICON_NAME = AppIcon;
				ASSETCATALOG_COMPILER_LAUNCHIMAGE_NAME = LaunchImage;
				GCC_PRECOMPILE_PREFIX_HEADER = YES;
				GCC_PREFIX_HEADER = "hello/hello-Prefix.pch";
				INFOPLIST_FILE = "hello/hello-Info.plist";
				PRODUCT_NAME = "$(TARGET_NAME)";
				WRAPPER_EXTENSION = app;
			};
			name = Release;
		};
		19FB93431829100B0058A44C /* Debug */ = {
			isa = XCBuildConfiguration;
			buildSettings = {
				ARCHS = "$(ARCHS_STANDARD_INCLUDING_64_BIT)";
				BUNDLE_LOADER = "$(BUILT_PRODUCTS_DIR)/hello.app/hello";
				FRAMEWORK_SEARCH_PATHS = (
					"$(SDKROOT)/Developer/Library/Frameworks",
					"$(inherited)",
					"$(DEVELOPER_FRAMEWORKS_DIR)",
				);
				GCC_PRECOMPILE_PREFIX_HEADER = YES;
				GCC_PREFIX_HEADER = "hello/hello-Prefix.pch";
				GCC_PREPROCESSOR_DEFINITIONS = (
					"DEBUG=1",
					"$(inherited)",
				);
				INFOPLIST_FILE = "helloTests/helloTests-Info.plist";
				PRODUCT_NAME = "$(TARGET_NAME)";
				TEST_HOST = "$(BUNDLE_LOADER)";
				WRAPPER_EXTENSION = xctest;
			};
			name = Debug;
		};
		19FB93441829100B0058A44C /* Release */ = {
			isa = XCBuildConfiguration;
			buildSettings = {
				ARCHS = "$(ARCHS_STANDARD_INCLUDING_64_BIT)";
				BUNDLE_LOADER = "$(BUILT_PRODUCTS_DIR)/hello.app/hello";
				FRAMEWORK_SEARCH_PATHS = (
					"$(SDKROOT)/Developer/Library/Frameworks",
					"$(inherited)",
					"$(DEVELOPER_FRAMEWORKS_DIR)",
				);
				GCC_PRECOMPILE_PREFIX_HEADER = YES;
				GCC_PREFIX_HEADER = "hello/hello-Prefix.pch";
				INFOPLIST_FILE = "helloTests/helloTests-Info.plist";
				PRODUCT_NAME = "$(TARGET_NAME)";
				TEST_HOST = "$(BUNDLE_LOADER)";
				WRAPPER_EXTENSION = xctest;
			};
			name = Release;
		};
/* End XCBuildConfiguration section */

/* Begin XCConfigurationList section */
		19FB93081829100B0058A44C /* Build configuration list for PBXProject "hello" */ = {
			isa = XCConfigurationList;
			buildConfigurations = (
				19FB933D1829100B0058A44C /* Debug */,
				19FB933E1829100B0058A44C /* Release */,
			);
			defaultConfigurationIsVisible = 0;
			defaultConfigurationName = Release;
		};
		19FB933F1829100B0058A44C /* Build configuration list for PBXNativeTarget "hello" */ = {
			isa = XCConfigurationList;
			buildConfigurations = (
				19FB93401829100B0058A44C /* Debug */,
				19FB93411829100B0058A44C /* Release */,
			);
			defaultConfigurationIsVisible = 0;
		};
		19FB93421829100B0058A44C /* Build configuration list for PBXNativeTarget "helloTests" */ = {
			isa = XCConfigurationList;
			buildConfigurations = (
				19FB93431829100B0058A44C /* Debug */,
				19FB93441829100B0058A44C /* Release */,
			);
			defaultConfigurationIsVisible = 0;
		};
/* End XCConfigurationList section */
	};
	rootObject = 19FB93051829100B0058A44C /* Project object */;
}
